// !$*UTF8*$!
{
	archiveVersion = 1;
	classes = {
	};
	objectVersion = 46;
	objects = {

/* Begin PBXBuildFile section */
		BC9028281E5D07D9009B618F /* AppDelegate.swift in Sources */ = {isa = PBXBuildFile; fileRef = BC9028271E5D07D9009B618F /* AppDelegate.swift */; };
		BC90282A1E5D07D9009B618F /* ViewController.swift in Sources */ = {isa = PBXBuildFile; fileRef = BC9028291E5D07D9009B618F /* ViewController.swift */; };
		BC90282D1E5D07D9009B618F /* Main.storyboard in Resources */ = {isa = PBXBuildFile; fileRef = BC90282B1E5D07D9009B618F /* Main.storyboard */; };
		BC9028301E5D07D9009B618F /* Pin_Drop.xcdatamodeld in Sources */ = {isa = PBXBuildFile; fileRef = BC90282E1E5D07D9009B618F /* Pin_Drop.xcdatamodeld */; };
		BC9028321E5D07D9009B618F /* Assets.xcassets in Resources */ = {isa = PBXBuildFile; fileRef = BC9028311E5D07D9009B618F /* Assets.xcassets */; };
		BC9028351E5D07D9009B618F /* LaunchScreen.storyboard in Resources */ = {isa = PBXBuildFile; fileRef = BC9028331E5D07D9009B618F /* LaunchScreen.storyboard */; };
/* End PBXBuildFile section */

/* Begin PBXFileReference section */
		BC9028241E5D07D9009B618F /* Pin Drop.app */ = {isa = PBXFileReference; explicitFileType = wrapper.application; includeInIndex = 0; path = "Pin Drop.app"; sourceTree = BUILT_PRODUCTS_DIR; };
		BC9028271E5D07D9009B618F /* AppDelegate.swift */ = {isa = PBXFileReference; lastKnownFileType = sourcecode.swift; path = AppDelegate.swift; sourceTree = "<group>"; };
		BC9028291E5D07D9009B618F /* ViewController.swift */ = {isa = PBXFileReference; lastKnownFileType = sourcecode.swift; path = ViewController.swift; sourceTree = "<group>"; };
		BC90282C1E5D07D9009B618F /* Base */ = {isa = PBXFileReference; lastKnownFileType = file.storyboard; name = Base; path = Base.lproj/Main.storyboard; sourceTree = "<group>"; };
		BC90282F1E5D07D9009B618F /* Pin_Drop.xcdatamodel */ = {isa = PBXFileReference; lastKnownFileType = wrapper.xcdatamodel; path = Pin_Drop.xcdatamodel; sourceTree = "<group>"; };
		BC9028311E5D07D9009B618F /* Assets.xcassets */ = {isa = PBXFileReference; lastKnownFileType = folder.assetcatalog; path = Assets.xcassets; sourceTree = "<group>"; };
		BC9028341E5D07D9009B618F /* Base */ = {isa = PBXFileReference; lastKnownFileType = file.storyboard; name = Base; path = Base.lproj/LaunchScreen.storyboard; sourceTree = "<group>"; };
		BC9028361E5D07D9009B618F /* Info.plist */ = {isa = PBXFileReference; lastKnownFileType = text.plist.xml; path = Info.plist; sourceTree = "<group>"; };
/* End PBXFileReference section */

/* Begin PBXFrameworksBuildPhase section */
		BC9028211E5D07D9009B618F /* Frameworks */ = {
			isa = PBXFrameworksBuildPhase;
			buildActionMask = 2147483647;
			files = (
			);
			runOnlyForDeploymentPostprocessing = 0;
		};
/* End PBXFrameworksBuildPhase section */

/* Begin PBXGroup section */
		BC90281B1E5D07D9009B618F = {
			isa = PBXGroup;
			children = (
				BC9028261E5D07D9009B618F /* Pin Drop */,
				BC9028251E5D07D9009B618F /* Products */,
			);
			sourceTree = "<group>";
		};
		BC9028251E5D07D9009B618F /* Products */ = {
			isa = PBXGroup;
			children = (
				BC9028241E5D07D9009B618F /* Pin Drop.app */,
			);
			name = Products;
			sourceTree = "<group>";
		};
		BC9028261E5D07D9009B618F /* Pin Drop */ = {
			isa = PBXGroup;
			children = (
				BC9028271E5D07D9009B618F /* AppDelegate.swift */,
				BC9028291E5D07D9009B618F /* ViewController.swift */,
				BC90282B1E5D07D9009B618F /* Main.storyboard */,
				BC9028311E5D07D9009B618F /* Assets.xcassets */,
				BC9028331E5D07D9009B618F /* LaunchScreen.storyboard */,
				BC9028361E5D07D9009B618F /* Info.plist */,
				BC90282E1E5D07D9009B618F /* Pin_Drop.xcdatamodeld */,
			);
			path = "Pin Drop";
			sourceTree = "<group>";
		};
/* End PBXGroup section */

/* Begin PBXNativeTarget section */
		BC9028231E5D07D9009B618F /* Pin Drop */ = {
			isa = PBXNativeTarget;
			buildConfigurationList = BC9028391E5D07D9009B618F /* Build configuration list for PBXNativeTarget "Pin Drop" */;
			buildPhases = (
				BC9028201E5D07D9009B618F /* Sources */,
				BC9028211E5D07D9009B618F /* Frameworks */,
				BC9028221E5D07D9009B618F /* Resources */,
			);
			buildRules = (
			);
			dependencies = (
			);
			name = "Pin Drop";
			productName = "Pin Drop";
			productReference = BC9028241E5D07D9009B618F /* Pin Drop.app */;
			productType = "com.apple.product-type.application";
		};
/* End PBXNativeTarget section */

/* Begin PBXProject section */
		BC90281C1E5D07D9009B618F /* Project object */ = {
			isa = PBXProject;
			attributes = {
				LastSwiftUpdateCheck = 0820;
				LastUpgradeCheck = 0820;
				ORGANIZATIONNAME = "Rohan Rk";
				TargetAttributes = {
					BC9028231E5D07D9009B618F = {
						CreatedOnToolsVersion = 8.2.1;
						ProvisioningStyle = Automatic;
					};
				};
			};
			buildConfigurationList = BC90281F1E5D07D9009B618F /* Build configuration list for PBXProject "Pin Drop" */;
			compatibilityVersion = "Xcode 3.2";
			developmentRegion = English;
			hasScannedForEncodings = 0;
			knownRegions = (
				en,
				Base,
			);
			mainGroup = BC90281B1E5D07D9009B618F;
			productRefGroup = BC9028251E5D07D9009B618F /* Products */;
			projectDirPath = "";
			projectRoot = "";
			targets = (
				BC9028231E5D07D9009B618F /* Pin Drop */,
			);
		};
/* End PBXProject section */

/* Begin PBXResourcesBuildPhase section */
		BC9028221E5D07D9009B618F /* Resources */ = {
			isa = PBXResourcesBuildPhase;
			buildActionMask = 2147483647;
			files = (
				BC9028351E5D07D9009B618F /* LaunchScreen.storyboard in Resources */,
				BC9028321E5D07D9009B618F /* Assets.xcassets in Resources */,
				BC90282D1E5D07D9009B618F /* Main.storyboard in Resources */,
			);
			runOnlyForDeploymentPostprocessing = 0;
		};
/* End PBXResourcesBuildPhase section */

/* Begin PBXSourcesBuildPhase section */
		BC9028201E5D07D9009B618F /* Sources */ = {
			isa = PBXSourcesBuildPhase;
			buildActionMask = 2147483647;
			files = (
				BC9028301E5D07D9009B618F /* Pin_Drop.xcdatamodeld in Sources */,
				BC90282A1E5D07D9009B618F /* ViewController.swift in Sources */,
				BC9028281E5D07D9009B618F /* AppDelegate.swift in Sources */,
			);
			runOnlyForDeploymentPostprocessing = 0;
		};
/* End PBXSourcesBuildPhase section */

/* Begin PBXVariantGroup section */
		BC90282B1E5D07D9009B618F /* Main.storyboard */ = {
			isa = PBXVariantGroup;
			children = (
				BC90282C1E5D07D9009B618F /* Base */,
			);
			name = Main.storyboard;
			sourceTree = "<group>";
		};
		BC9028331E5D07D9009B618F /* LaunchScreen.storyboard */ = {
			isa = PBXVariantGroup;
			children = (
				BC9028341E5D07D9009B618F /* Base */,
			);
			name = LaunchScreen.storyboard;
			sourceTree = "<group>";
		};
/* End PBXVariantGroup section */

/* Begin XCBuildConfiguration section */
		BC9028371E5D07D9009B618F /* Debug */ = {
			isa = XCBuildConfiguration;
			buildSettings = {
				ALWAYS_SEARCH_USER_PATHS = NO;
				CLANG_ANALYZER_NONNULL = YES;
				CLANG_CXX_LANGUAGE_STANDARD = "gnu++0x";
				CLANG_CXX_LIBRARY = "libc++";
				CLANG_ENABLE_MODULES = YES;
				CLANG_ENABLE_OBJC_ARC = YES;
				CLANG_WARN_BOOL_CONVERSION = YES;
				CLANG_WARN_CONSTANT_CONVERSION = YES;
				CLANG_WARN_DIRECT_OBJC_ISA_USAGE = YES_ERROR;
				CLANG_WARN_DOCUMENTATION_COMMENTS = YES;
				CLANG_WARN_EMPTY_BODY = YES;
				CLANG_WARN_ENUM_CONVERSION = YES;
				CLANG_WARN_INFINITE_RECURSION = YES;
				CLANG_WARN_INT_CONVERSION = YES;
				CLANG_WARN_OBJC_ROOT_CLASS = YES_ERROR;
				CLANG_WARN_SUSPICIOUS_MOVE = YES;
				CLANG_WARN_UNREACHABLE_CODE = YES;
				CLANG_WARN__DUPLICATE_METHOD_MATCH = YES;
				"CODE_SIGN_IDENTITY[sdk=iphoneos*]" = "iPhone Developer";
				COPY_PHASE_STRIP = NO;
				DEBUG_INFORMATION_FORMAT = dwarf;
				ENABLE_STRICT_OBJC_MSGSEND = YES;
				ENABLE_TESTABILITY = YES;
				GCC_C_LANGUAGE_STANDARD = gnu99;
				GCC_DYNAMIC_NO_PIC = NO;
				GCC_NO_COMMON_BLOCKS = YES;
				GCC_OPTIMIZATION_LEVEL = 0;
				GCC_PREPROCESSOR_DEFINITIONS = (
					"DEBUG=1",
					"$(inherited)",
				);
				GCC_WARN_64_TO_32_BIT_CONVERSION = YES;
				GCC_WARN_ABOUT_RETURN_TYPE = YES_ERROR;
				GCC_WARN_UNDECLARED_SELECTOR = YES;
				GCC_WARN_UNINITIALIZED_AUTOS = YES_AGGRESSIVE;
				GCC_WARN_UNUSED_FUNCTION = YES;
				GCC_WARN_UNUSED_VARIABLE = YES;
				IPHONEOS_DEPLOYMENT_TARGET = 10.2;
				MTL_ENABLE_DEBUG_INFO = YES;
				ONLY_ACTIVE_ARCH = YES;
				SDKROOT = iphoneos;
				SWIFT_ACTIVE_COMPILATION_CONDITIONS = DEBUG;
				SWIFT_OPTIMIZATION_LEVEL = "-Onone";
				TARGETED_DEVICE_FAMILY = "1,2";
			};
			name = Debug;
		};
		BC9028381E5D07D9009B618F /* Release */ = {
			isa = XCBuildConfiguration;
			buildSettings = {
				ALWAYS_SEARCH_USER_PATHS = NO;
				CLANG_ANALYZER_NONNULL = YES;
				CLANG_CXX_LANGUAGE_STANDARD = "gnu++0x";
				CLANG_CXX_LIBRARY = "libc++";
				CLANG_ENABLE_MODULES = YES;
				CLANG_ENABLE_OBJC_ARC = YES;
				CLANG_WARN_BOOL_CONVERSION = YES;
				CLANG_WARN_CONSTANT_CONVERSION = YES;
				CLANG_WARN_DIRECT_OBJC_ISA_USAGE = YES_ERROR;
				CLANG_WARN_DOCUMENTATION_COMMENTS = YES;
				CLANG_WARN_EMPTY_BODY = YES;
				CLANG_WARN_ENUM_CONVERSION = YES;
				CLANG_WARN_INFINITE_RECURSION = YES;
				CLANG_WARN_INT_CONVERSION = YES;
				CLANG_WARN_OBJC_ROOT_CLASS = YES_ERROR;
				CLANG_WARN_SUSPICIOUS_MOVE = YES;
				CLANG_WARN_UNREACHABLE_CODE = YES;
				CLANG_WARN__DUPLICATE_METHOD_MATCH = YES;
				"CODE_SIGN_IDENTITY[sdk=iphoneos*]" = "iPhone Developer";
				COPY_PHASE_STRIP = NO;
				DEBUG_INFORMATION_FORMAT = "dwarf-with-dsym";
				ENABLE_NS_ASSERTIONS = NO;
				ENABLE_STRICT_OBJC_MSGSEND = YES;
				GCC_C_LANGUAGE_STANDARD = gnu99;
				GCC_NO_COMMON_BLOCKS = YES;
				GCC_WARN_64_TO_32_BIT_CONVERSION = YES;
				GCC_WARN_ABOUT_RETURN_TYPE = YES_ERROR;
				GCC_WARN_UNDECLARED_SELECTOR = YES;
				GCC_WARN_UNINITIALIZED_AUTOS = YES_AGGRESSIVE;
				GCC_WARN_UNUSED_FUNCTION = YES;
				GCC_WARN_UNUSED_VARIABLE = YES;
				IPHONEOS_DEPLOYMENT_TARGET = 10.2;
				MTL_ENABLE_DEBUG_INFO = NO;
				SDKROOT = iphoneos;
				SWIFT_OPTIMIZATION_LEVEL = "-Owholemodule";
				TARGETED_DEVICE_FAMILY = "1,2";
				VALIDATE_PRODUCT = YES;
			};
			name = Release;
		};
		BC90283A1E5D07D9009B618F /* Debug */ = {
			isa = XCBuildConfiguration;
			buildSettings = {
				ASSETCATALOG_COMPILER_APPICON_NAME = AppIcon;
				INFOPLIST_FILE = "Pin Drop/Info.plist";
				LD_RUNPATH_SEARCH_PATHS = "$(inherited) @executable_path/Frameworks";
				PRODUCT_BUNDLE_IDENTIFIER = "rohanrk.Pin-Drop";
				PRODUCT_NAME = "$(TARGET_NAME)";
				SWIFT_VERSION = 3.0;
			};
			name = Debug;
		};
		BC90283B1E5D07D9009B618F /* Release */ = {
			isa = XCBuildConfiguration;
			buildSettings = {
				ASSETCATALOG_COMPILER_APPICON_NAME = AppIcon;
				INFOPLIST_FILE = "Pin Drop/Info.plist";
				LD_RUNPATH_SEARCH_PATHS = "$(inherited) @executable_path/Frameworks";
				PRODUCT_BUNDLE_IDENTIFIER = "rohanrk.Pin-Drop";
				PRODUCT_NAME = "$(TARGET_NAME)";
				SWIFT_VERSION = 3.0;
			};
			name = Release;
		};
/* End XCBuildConfiguration section */

/* Begin XCConfigurationList section */
		BC90281F1E5D07D9009B618F /* Build configuration list for PBXProject "Pin Drop" */ = {
			isa = XCConfigurationList;
			buildConfigurations = (
				BC9028371E5D07D9009B618F /* Debug */,
				BC9028381E5D07D9009B618F /* Release */,
			);
			defaultConfigurationIsVisible = 0;
			defaultConfigurationName = Release;
		};
		BC9028391E5D07D9009B618F /* Build configuration list for PBXNativeTarget "Pin Drop" */ = {
			isa = XCConfigurationList;
			buildConfigurations = (
				BC90283A1E5D07D9009B618F /* Debug */,
				BC90283B1E5D07D9009B618F /* Release */,
			);
			defaultConfigurationIsVisible = 0;
		};
/* End XCConfigurationList section */

/* Begin XCVersionGroup section */
		BC90282E1E5D07D9009B618F /* Pin_Drop.xcdatamodeld */ = {
			isa = XCVersionGroup;
			children = (
				BC90282F1E5D07D9009B618F /* Pin_Drop.xcdatamodel */,
			);
			currentVersion = BC90282F1E5D07D9009B618F /* Pin_Drop.xcdatamodel */;
			path = Pin_Drop.xcdatamodeld;
			sourceTree = "<group>";
			versionGroupType = wrapper.xcdatamodel;
		};
/* End XCVersionGroup section */
	};
	rootObject = BC90281C1E5D07D9009B618F /* Project object */;
}
